
Microsoft Visual Studio Solution File, Format Version 12.00
# Visual Studio 15
VisualStudioVersion = 15.0.28010.2026
MinimumVisualStudioVersion = 10.0.40219.1
Project("{2150E333-8FDC-42A3-9474-1A3956D46DE8}") = "Providers", "Providers", "{01D969B7-9795-43F6-8A31-32AC72507D69}"
EndProject
Project("{9A19103F-16F7-4668-BE54-9A1E7A4F7556}") = "FileCollector.FileSystem", "Providers\FileCollector.FileSystem\FileCollector.FileSystem.csproj", "{259E4BB4-205A-442F-B6D7-775E3AD8E610}"
EndProject
Project("{9A19103F-16F7-4668-BE54-9A1E7A4F7556}") = "FileCollector.Gmail", "Providers\FileCollector.Gmail\FileCollector.Gmail.csproj", "{9773573C-8692-4378-A4BC-4F4A6D9AFA0E}"
EndProject
Project("{9A19103F-16F7-4668-BE54-9A1E7A4F7556}") = "FileCollector.Worker", "FileCollector.Worker\FileCollector.Worker.csproj", "{1293CC94-DD04-4D8D-B45B-4CECFAFE88EC}"
EndProject
Project("{9A19103F-16F7-4668-BE54-9A1E7A4F7556}") = "FileCollector.Common", "FileCollector.Common\FileCollector.Common.csproj", "{8DC722E6-E908-4E94-AA41-48BD02D99926}"
EndProject
Global
	GlobalSection(SolutionConfigurationPlatforms) = preSolution
		Debug|Any CPU = Debug|Any CPU
		Release|Any CPU = Release|Any CPU
	EndGlobalSection
	GlobalSection(ProjectConfigurationPlatforms) = postSolution
		{259E4BB4-205A-442F-B6D7-775E3AD8E610}.Debug|Any CPU.ActiveCfg = Debug|Any CPU
		{259E4BB4-205A-442F-B6D7-775E3AD8E610}.Debug|Any CPU.Build.0 = Debug|Any CPU
		{259E4BB4-205A-442F-B6D7-775E3AD8E610}.Release|Any CPU.ActiveCfg = Release|Any CPU
		{259E4BB4-205A-442F-B6D7-775E3AD8E610}.Release|Any CPU.Build.0 = Release|Any CPU
		{9773573C-8692-4378-A4BC-4F4A6D9AFA0E}.Debug|Any CPU.ActiveCfg = Debug|Any CPU
		{9773573C-8692-4378-A4BC-4F4A6D9AFA0E}.Debug|Any CPU.Build.0 = Debug|Any CPU
		{9773573C-8692-4378-A4BC-4F4A6D9AFA0E}.Release|Any CPU.ActiveCfg = Release|Any CPU
		{9773573C-8692-4378-A4BC-4F4A6D9AFA0E}.Release|Any CPU.Build.0 = Release|Any CPU
		{1293CC94-DD04-4D8D-B45B-4CECFAFE88EC}.Debug|Any CPU.ActiveCfg = Debug|Any CPU
		{1293CC94-DD04-4D8D-B45B-4CECFAFE88EC}.Debug|Any CPU.Build.0 = Debug|Any CPU
		{1293CC94-DD04-4D8D-B45B-4CECFAFE88EC}.Release|Any CPU.ActiveCfg = Release|Any CPU
		{1293CC94-DD04-4D8D-B45B-4CECFAFE88EC}.Release|Any CPU.Build.0 = Release|Any CPU
		{8DC722E6-E908-4E94-AA41-48BD02D99926}.Debug|Any CPU.ActiveCfg = Debug|Any CPU
		{8DC722E6-E908-4E94-AA41-48BD02D99926}.Debug|Any CPU.Build.0 = Debug|Any CPU
		{8DC722E6-E908-4E94-AA41-48BD02D99926}.Release|Any CPU.ActiveCfg = Release|Any CPU
		{8DC722E6-E908-4E94-AA41-48BD02D99926}.Release|Any CPU.Build.0 = Release|Any CPU
	EndGlobalSection
	GlobalSection(SolutionProperties) = preSolution
		HideSolutionNode = FALSE
	EndGlobalSection
	GlobalSection(NestedProjects) = preSolution
		{259E4BB4-205A-442F-B6D7-775E3AD8E610} = {01D969B7-9795-43F6-8A31-32AC72507D69}
		{9773573C-8692-4378-A4BC-4F4A6D9AFA0E} = {01D969B7-9795-43F6-8A31-32AC72507D69}
	EndGlobalSection
	GlobalSection(ExtensibilityGlobals) = postSolution
		SolutionGuid = {81B5A2F7-E87F-40A0-A45E-4ACA5EC06CD6}
	EndGlobalSection
EndGlobal
